
Microsoft Visual Studio Solution File, Format Version 12.00
# Visual Studio Version 16
VisualStudioVersion = 16.0.29215.179
MinimumVisualStudioVersion = 10.0.40219.1
Project("{FAE04EC0-301F-11D3-BF4B-00C04F79EFBC}") = "SuperVoyageInfini.Web", "SuperVoyageInfini.Web\SuperVoyageInfini.Web.csproj", "{7D1D97C2-4814-4EBC-92BC-BB33074B05ED}"
EndProject
Project("{FAE04EC0-301F-11D3-BF4B-00C04F79EFBC}") = "SuperVoyageInfini.Database", "SuperVoyageInfini.Database\SuperVoyageInfini.Database.csproj", "{B3EC0301-CF4C-406F-9BAF-B53734CB2F05}"
EndProject
Project("{FAE04EC0-301F-11D3-BF4B-00C04F79EFBC}") = "SuperVoyageInfini.Resources", "SuperVoyageInfini.Resources\SuperVoyageInfini.Resources.csproj", "{21EEC8FB-7036-4BD7-A529-1BE241B923AD}"
EndProject
Global
	GlobalSection(SolutionConfigurationPlatforms) = preSolution
		Debug|Any CPU = Debug|Any CPU
		Release|Any CPU = Release|Any CPU
	EndGlobalSection
	GlobalSection(ProjectConfigurationPlatforms) = postSolution
		{7D1D97C2-4814-4EBC-92BC-BB33074B05ED}.Debug|Any CPU.ActiveCfg = Debug|Any CPU
		{7D1D97C2-4814-4EBC-92BC-BB33074B05ED}.Debug|Any CPU.Build.0 = Debug|Any CPU
		{7D1D97C2-4814-4EBC-92BC-BB33074B05ED}.Release|Any CPU.ActiveCfg = Release|Any CPU
		{7D1D97C2-4814-4EBC-92BC-BB33074B05ED}.Release|Any CPU.Build.0 = Release|Any CPU
		{B3EC0301-CF4C-406F-9BAF-B53734CB2F05}.Debug|Any CPU.ActiveCfg = Debug|Any CPU
		{B3EC0301-CF4C-406F-9BAF-B53734CB2F05}.Debug|Any CPU.Build.0 = Debug|Any CPU
		{B3EC0301-CF4C-406F-9BAF-B53734CB2F05}.Release|Any CPU.ActiveCfg = Release|Any CPU
		{B3EC0301-CF4C-406F-9BAF-B53734CB2F05}.Release|Any CPU.Build.0 = Release|Any CPU
		{21EEC8FB-7036-4BD7-A529-1BE241B923AD}.Debug|Any CPU.ActiveCfg = Debug|Any CPU
		{21EEC8FB-7036-4BD7-A529-1BE241B923AD}.Debug|Any CPU.Build.0 = Debug|Any CPU
		{21EEC8FB-7036-4BD7-A529-1BE241B923AD}.Release|Any CPU.ActiveCfg = Release|Any CPU
		{21EEC8FB-7036-4BD7-A529-1BE241B923AD}.Release|Any CPU.Build.0 = Release|Any CPU
	EndGlobalSection
	GlobalSection(SolutionProperties) = preSolution
		HideSolutionNode = FALSE
	EndGlobalSection
	GlobalSection(ExtensibilityGlobals) = postSolution
		SolutionGuid = {105D7B46-CF82-4825-AAD5-2B77E1C418AA}
	EndGlobalSection
EndGlobal
